
Microsoft Visual Studio Solution File, Format Version 12.00
# Visual Studio Version 16
VisualStudioVersion = 16.0.30002.166
MinimumVisualStudioVersion = 10.0.40219.1
Project("{FAE04EC0-301F-11D3-BF4B-00C04F79EFBC}") = "MVCDatatransactionBD", "MVCDatatransactionBD\MVCDatatransactionBD.csproj", "{859A6D47-D24A-4047-AD17-DF2F61748319}"
EndProject
Project("{FAE04EC0-301F-11D3-BF4B-00C04F79EFBC}") = "MVCDatatransactionPRC", "MVCDatatransactionPRC\MVCDatatransactionPRC.csproj", "{E0EE458B-D3E1-4A18-88B8-255DD11A30A0}"
EndProject
Project("{FAE04EC0-301F-11D3-BF4B-00C04F79EFBC}") = "MVCDatatransactionWEB", "MVCDatatransactionWEB\MVCDatatransactionWEB.csproj", "{117A54F0-8CE0-41D6-B5FB-812176601D80}"
EndProject
Global
	GlobalSection(SolutionConfigurationPlatforms) = preSolution
		Debug|Any CPU = Debug|Any CPU
		Release|Any CPU = Release|Any CPU
	EndGlobalSection
	GlobalSection(ProjectConfigurationPlatforms) = postSolution
		{859A6D47-D24A-4047-AD17-DF2F61748319}.Debug|Any CPU.ActiveCfg = Debug|Any CPU
		{859A6D47-D24A-4047-AD17-DF2F61748319}.Debug|Any CPU.Build.0 = Debug|Any CPU
		{859A6D47-D24A-4047-AD17-DF2F61748319}.Release|Any CPU.ActiveCfg = Release|Any CPU
		{859A6D47-D24A-4047-AD17-DF2F61748319}.Release|Any CPU.Build.0 = Release|Any CPU
		{E0EE458B-D3E1-4A18-88B8-255DD11A30A0}.Debug|Any CPU.ActiveCfg = Debug|Any CPU
		{E0EE458B-D3E1-4A18-88B8-255DD11A30A0}.Debug|Any CPU.Build.0 = Debug|Any CPU
		{E0EE458B-D3E1-4A18-88B8-255DD11A30A0}.Release|Any CPU.ActiveCfg = Release|Any CPU
		{E0EE458B-D3E1-4A18-88B8-255DD11A30A0}.Release|Any CPU.Build.0 = Release|Any CPU
		{117A54F0-8CE0-41D6-B5FB-812176601D80}.Debug|Any CPU.ActiveCfg = Debug|Any CPU
		{117A54F0-8CE0-41D6-B5FB-812176601D80}.Debug|Any CPU.Build.0 = Debug|Any CPU
		{117A54F0-8CE0-41D6-B5FB-812176601D80}.Release|Any CPU.ActiveCfg = Release|Any CPU
		{117A54F0-8CE0-41D6-B5FB-812176601D80}.Release|Any CPU.Build.0 = Release|Any CPU
	EndGlobalSection
	GlobalSection(SolutionProperties) = preSolution
		HideSolutionNode = FALSE
	EndGlobalSection
	GlobalSection(ExtensibilityGlobals) = postSolution
		SolutionGuid = {2306B2B1-0E78-446E-AAFF-79452C15359F}
	EndGlobalSection
EndGlobal
